{
  "version": 4,
  "terraform_version": "1.3.2",
  "serial": 50,
  "lineage": "078bf845-ad4a-093f-132c-20250dd63699",
  "outputs": {},
  "resources": [
    {
      "mode": "managed",
      "type": "aws_backup_vault",
      "name": "example-backup-vault",
      "provider": "provider[\"registry.terraform.io/hashicorp/aws\"]",
      "instances": [
        {
          "schema_version": 0,
          "attributes": {
            "arn": "arn:aws:backup:ap-south-1:453463462350:backup-vault:example-backup-vault",
            "force_destroy": false,
            "id": "example-backup-vault",
            "kms_key_arn": "arn:aws:kms:ap-south-1:453463462350:key/9f750822-7d51-46fb-912e-42e1beca3833",
            "name": "example-backup-vault",
            "recovery_points": 1,
            "tags": {
              "Role": "backup-vault"
            },
            "tags_all": {
              "Role": "backup-vault"
            },
            "timeouts": null
          },
          "sensitive_attributes": [],
          "private": "eyJlMmJmYjczMC1lY2FhLTExZTYtOGY4OC0zNDM2M2JjN2M0YzAiOnsiZGVsZXRlIjo2MDAwMDAwMDAwMDB9fQ=="
        }
      ]
    }
  ],
  "check_results": []
}
